
Microsoft Visual Studio Solution File, Format Version 12.00
# Visual Studio 15
VisualStudioVersion = 15.0.26730.16
MinimumVisualStudioVersion = 10.0.40219.1
Project("{FAE04EC0-301F-11D3-BF4B-00C04F79EFBC}") = "Internship_2_Inventory", "Internship-2-Inventory\Internship_2_Inventory.csproj", "{A80B4A4E-A72A-4488-94F9-CE1CAC487604}"
EndProject
Global
	GlobalSection(SolutionConfigurationPlatforms) = preSolution
		Debug|Any CPU = Debug|Any CPU
		Release|Any CPU = Release|Any CPU
	EndGlobalSection
	GlobalSection(ProjectConfigurationPlatforms) = postSolution
		{A80B4A4E-A72A-4488-94F9-CE1CAC487604}.Debug|Any CPU.ActiveCfg = Debug|Any CPU
		{A80B4A4E-A72A-4488-94F9-CE1CAC487604}.Debug|Any CPU.Build.0 = Debug|Any CPU
		{A80B4A4E-A72A-4488-94F9-CE1CAC487604}.Release|Any CPU.ActiveCfg = Release|Any CPU
		{A80B4A4E-A72A-4488-94F9-CE1CAC487604}.Release|Any CPU.Build.0 = Release|Any CPU
	EndGlobalSection
	GlobalSection(SolutionProperties) = preSolution
		HideSolutionNode = FALSE
	EndGlobalSection
	GlobalSection(ExtensibilityGlobals) = postSolution
		SolutionGuid = {690FFCB2-1064-4089-B337-D00DFBA16D63}
	EndGlobalSection
EndGlobal
